{
  "name": "@anticapture/graphql-client",
  "version": "1.0.0",
  "lockfileVersion": 3,
  "requires": true,
  "packages": {
    "": {
      "name": "@anticapture/graphql-client",
      "version": "1.0.0",
      "dependencies": {
        "@apollo/client": "^3.13.8",
        "@graphql-codegen/cli": "^5.0.7",
        "@graphql-codegen/typescript": "^4.1.6",
        "@graphql-codegen/typescript-operations": "^4.6.1",
        "@graphql-codegen/typescript-react-apollo": "^4.3.3",
        "graphql": "^16.11.0"
      },
      "devDependencies": {
        "@types/node": "^24.0.1",
        "typescript": "^5.8.3"
      },
      "peerDependencies": {
        "@apollo/client": "^3.13.8"
      }
    },
    "../../node_modules/.pnpm/@apollo+client@3.13.8_@types+react@19.1.4_graphql-ws@6.0.4_graphql@16.11.0_ws@8.18.1_bu_45c9ed78ca0d3651254b4ecb3c526b32/node_modules/@apollo/client": {
      "version": "3.13.8",
      "license": "MIT",
      "dependencies": {
        "@graphql-typed-document-node/core": "^3.1.1",
        "@wry/caches": "^1.0.0",
        "@wry/equality": "^0.5.6",
        "@wry/trie": "^0.5.0",
        "graphql-tag": "^2.12.6",
        "hoist-non-react-statics": "^3.3.2",
        "optimism": "^0.18.0",
        "prop-types": "^15.7.2",
        "rehackt": "^0.1.0",
        "symbol-observable": "^4.0.0",
        "ts-invariant": "^0.10.3",
        "tslib": "^2.3.0",
        "zen-observable-ts": "^1.2.5"
      },
      "devDependencies": {
        "@actions/github-script": "github:actions/github-script#v7.0.1",
        "@arethetypeswrong/cli": "0.15.3",
        "@ark/attest": "0.28.0",
        "@babel/parser": "7.25.0",
        "@changesets/changelog-github": "0.5.0",
        "@changesets/cli": "2.27.7",
        "@eslint/compat": "1.2.5",
        "@eslint/eslintrc": "3.2.0",
        "@eslint/js": "9.18.0",
        "@graphql-tools/merge": "9.0.4",
        "@graphql-tools/schema": "10.0.4",
        "@graphql-tools/utils": "10.5.0",
        "@microsoft/api-extractor": "7.49.1",
        "@rollup/plugin-node-resolve": "11.2.1",
        "@size-limit/esbuild-why": "11.1.4",
        "@size-limit/preset-small-lib": "11.1.4",
        "@testing-library/dom": "10.4.0",
        "@testing-library/jest-dom": "6.6.3",
        "@testing-library/react": "16.1.0",
        "@testing-library/react-render-stream": "2.0.0",
        "@testing-library/user-event": "14.5.2",
        "@tsconfig/node20": "20.1.4",
        "@types/bytes": "3.1.4",
        "@types/fetch-mock": "7.3.8",
        "@types/glob": "8.1.0",
        "@types/hoist-non-react-statics": "3.3.5",
        "@types/jest": "29.5.12",
        "@types/lodash": "4.17.7",
        "@types/node": "22.10.7",
        "@types/node-fetch": "2.6.11",
        "@types/prop-types": "15.7.14",
        "@types/react": "19.0.0",
        "@types/react-dom": "19.0.0",
        "@types/relay-runtime": "14.1.24",
        "@types/use-sync-external-store": "0.0.6",
        "@typescript-eslint/eslint-plugin": "8.21.0",
        "@typescript-eslint/parser": "8.21.0",
        "@typescript-eslint/rule-tester": "8.21.0",
        "@typescript-eslint/types": "8.21.0",
        "@typescript-eslint/utils": "8.21.0",
        "acorn": "8.12.1",
        "ajv": "8.17.1",
        "blob-polyfill": "7.0.20220408",
        "bytes": "3.1.2",
        "cross-fetch": "4.0.0",
        "eslint": "9.18.0",
        "eslint-import-resolver-typescript": "3.7.0",
        "eslint-plugin-import": "npm:@phryneas/eslint-plugin-import@2.27.5-pr.2813.2817.199971c",
        "eslint-plugin-local-rules": "3.0.2",
        "eslint-plugin-react-compiler": "19.0.0-beta-decd7b8-20250118",
        "eslint-plugin-react-hooks": "5.1.0",
        "eslint-plugin-testing-library": "7.1.1",
        "expect-type": "1.1.0",
        "fetch-mock": "9.11.0",
        "glob": "8.1.0",
        "globals": "15.14.0",
        "graphql": "16.9.0",
        "graphql-17-alpha2": "npm:graphql@17.0.0-alpha.2",
        "graphql-ws": "6.0.3",
        "jest": "29.7.0",
        "jest-environment-jsdom": "29.7.0",
        "jest-junit": "16.0.0",
        "lodash": "4.17.21",
        "patch-package": "8.0.0",
        "pkg-pr-new": "0.0.24",
        "prettier": "3.1.1",
        "react": "19.0.0",
        "react-17": "npm:react@^17",
        "react-18": "npm:react@^18",
        "react-dom": "19.0.0",
        "react-dom-17": "npm:react-dom@^17",
        "react-dom-18": "npm:react-dom@^18",
        "react-error-boundary": "4.0.13",
        "recast": "0.23.9",
        "resolve": "1.22.8",
        "rimraf": "5.0.9",
        "rollup": "2.79.2",
        "rollup-plugin-cleanup": "3.2.1",
        "rollup-plugin-terser": "7.0.2",
        "rxjs": "7.8.1",
        "size-limit": "11.1.4",
        "subscriptions-transport-ws": "0.11.0",
        "terser": "5.31.3",
        "ts-api-utils": "2.0.0",
        "ts-jest": "29.2.3",
        "ts-jest-resolver": "2.0.1",
        "ts-morph": "25.0.0",
        "ts-node": "10.9.2",
        "tsx": "4.19.2",
        "typedoc": "0.25.0",
        "typescript": "5.7.3",
        "web-streams-polyfill": "4.0.0",
        "whatwg-fetch": "3.6.20"
      },
      "peerDependencies": {
        "graphql": "^15.0.0 || ^16.0.0",
        "graphql-ws": "^5.5.5 || ^6.0.3",
        "react": "^16.8.0 || ^17.0.0 || ^18.0.0 || >=19.0.0-rc",
        "react-dom": "^16.8.0 || ^17.0.0 || ^18.0.0 || >=19.0.0-rc",
        "subscriptions-transport-ws": "^0.9.0 || ^0.11.0"
      },
      "peerDependenciesMeta": {
        "graphql-ws": {
          "optional": true
        },
        "react": {
          "optional": true
        },
        "react-dom": {
          "optional": true
        },
        "subscriptions-transport-ws": {
          "optional": true
        }
      }
    },
    "../../node_modules/.pnpm/@graphql-codegen+cli@5.0.7_@parcel+watcher@2.5.0_@types+node@24.0.1_bufferutil@4.0.8_gr_c64571ae6e4434ed8d1475c8cb490e2d/node_modules/@graphql-codegen/cli": {
      "version": "5.0.7",
      "license": "MIT",
      "dependencies": {
        "@babel/generator": "^7.18.13",
        "@babel/template": "^7.18.10",
        "@babel/types": "^7.18.13",
        "@graphql-codegen/client-preset": "^4.8.2",
        "@graphql-codegen/core": "^4.0.2",
        "@graphql-codegen/plugin-helpers": "^5.1.1",
        "@graphql-tools/apollo-engine-loader": "^8.0.0",
        "@graphql-tools/code-file-loader": "^8.0.0",
        "@graphql-tools/git-loader": "^8.0.0",
        "@graphql-tools/github-loader": "^8.0.0",
        "@graphql-tools/graphql-file-loader": "^8.0.0",
        "@graphql-tools/json-file-loader": "^8.0.0",
        "@graphql-tools/load": "^8.1.0",
        "@graphql-tools/prisma-loader": "^8.0.0",
        "@graphql-tools/url-loader": "^8.0.0",
        "@graphql-tools/utils": "^10.0.0",
        "@whatwg-node/fetch": "^0.10.0",
        "chalk": "^4.1.0",
        "cosmiconfig": "^8.1.3",
        "debounce": "^1.2.0",
        "detect-indent": "^6.0.0",
        "graphql-config": "^5.1.1",
        "inquirer": "^8.0.0",
        "is-glob": "^4.0.1",
        "jiti": "^1.17.1",
        "json-to-pretty-yaml": "^1.2.2",
        "listr2": "^4.0.5",
        "log-symbols": "^4.0.0",
        "micromatch": "^4.0.5",
        "shell-quote": "^1.7.3",
        "string-env-interpolation": "^1.0.1",
        "ts-log": "^2.2.3",
        "tslib": "^2.4.0",
        "yaml": "^2.3.1",
        "yargs": "^17.0.0"
      },
      "bin": {
        "gql-gen": "cjs/bin.js",
        "graphql-code-generator": "cjs/bin.js",
        "graphql-codegen": "cjs/bin.js",
        "graphql-codegen-esm": "esm/bin.js"
      },
      "engines": {
        "node": ">=16"
      },
      "peerDependencies": {
        "@parcel/watcher": "^2.1.0",
        "graphql": "^0.8.0 || ^0.9.0 || ^0.10.0 || ^0.11.0 || ^0.12.0 || ^0.13.0 || ^14.0.0 || ^15.0.0 || ^16.0.0"
      },
      "peerDependenciesMeta": {
        "@parcel/watcher": {
          "optional": true
        }
      }
    },
    "../../node_modules/.pnpm/@graphql-codegen+typescript-operations@4.6.1_graphql@16.11.0/node_modules/@graphql-codegen/typescript-operations": {
      "version": "4.6.1",
      "license": "MIT",
      "dependencies": {
        "@graphql-codegen/plugin-helpers": "^5.1.0",
        "@graphql-codegen/typescript": "^4.1.6",
        "@graphql-codegen/visitor-plugin-common": "5.8.0",
        "auto-bind": "~4.0.0",
        "tslib": "~2.6.0"
      },
      "engines": {
        "node": ">=16"
      },
      "peerDependencies": {
        "graphql": "^0.8.0 || ^0.9.0 || ^0.10.0 || ^0.11.0 || ^0.12.0 || ^0.13.0 || ^14.0.0 || ^15.0.0 || ^16.0.0",
        "graphql-sock": "^1.0.0"
      },
      "peerDependenciesMeta": {
        "graphql-sock": {
          "optional": true
        }
      }
    },
    "../../node_modules/.pnpm/@graphql-codegen+typescript-react-apollo@4.3.3_graphql@16.11.0/node_modules/@graphql-codegen/typescript-react-apollo": {
      "version": "4.3.3",
      "license": "MIT",
      "dependencies": {
        "@graphql-codegen/plugin-helpers": "^3.0.0",
        "@graphql-codegen/visitor-plugin-common": "2.13.8",
        "auto-bind": "~4.0.0",
        "change-case-all": "1.0.15",
        "tslib": "^2.8.1"
      },
      "engines": {
        "node": ">= 16.0.0"
      },
      "peerDependencies": {
        "graphql": "^0.8.0 || ^0.9.0 || ^0.10.0 || ^0.11.0 || ^0.12.0 || ^0.13.0 || ^14.0.0 || ^15.0.0 || ^16.0.0"
      }
    },
    "../../node_modules/.pnpm/@graphql-codegen+typescript@4.1.6_graphql@16.11.0/node_modules/@graphql-codegen/typescript": {
      "version": "4.1.6",
      "license": "MIT",
      "dependencies": {
        "@graphql-codegen/plugin-helpers": "^5.1.0",
        "@graphql-codegen/schema-ast": "^4.0.2",
        "@graphql-codegen/visitor-plugin-common": "5.8.0",
        "auto-bind": "~4.0.0",
        "tslib": "~2.6.0"
      },
      "engines": {
        "node": ">=16"
      },
      "peerDependencies": {
        "graphql": "^0.12.0 || ^0.13.0 || ^14.0.0 || ^15.0.0 || ^16.0.0"
      }
    },
    "../../node_modules/.pnpm/@types+node@24.0.1/node_modules/@types/node": {
      "version": "24.0.1",
      "dev": true,
      "license": "MIT",
      "dependencies": {
        "undici-types": "~7.8.0"
      }
    },
    "../../node_modules/.pnpm/graphql@16.11.0/node_modules/graphql": {
      "version": "16.11.0",
      "license": "MIT",
      "engines": {
        "node": "^12.22.0 || ^14.16.0 || ^16.0.0 || >=17.0.0"
      }
    },
    "../../node_modules/.pnpm/typescript@5.8.3/node_modules/typescript": {
      "version": "5.8.3",
      "dev": true,
      "license": "Apache-2.0",
      "bin": {
        "tsc": "bin/tsc",
        "tsserver": "bin/tsserver"
      },
      "devDependencies": {
        "@dprint/formatter": "^0.4.1",
        "@dprint/typescript": "0.93.3",
        "@esfx/canceltoken": "^1.0.0",
        "@eslint/js": "^9.17.0",
        "@octokit/rest": "^21.0.2",
        "@types/chai": "^4.3.20",
        "@types/diff": "^5.2.3",
        "@types/minimist": "^1.2.5",
        "@types/mocha": "^10.0.10",
        "@types/ms": "^0.7.34",
        "@types/node": "latest",
        "@types/source-map-support": "^0.5.10",
        "@types/which": "^3.0.4",
        "@typescript-eslint/rule-tester": "^8.18.1",
        "@typescript-eslint/type-utils": "^8.18.1",
        "@typescript-eslint/utils": "^8.18.1",
        "azure-devops-node-api": "^14.1.0",
        "c8": "^10.1.3",
        "chai": "^4.5.0",
        "chalk": "^4.1.2",
        "chokidar": "^3.6.0",
        "diff": "^5.2.0",
        "dprint": "^0.47.6",
        "esbuild": "^0.24.0",
        "eslint": "^9.17.0",
        "eslint-formatter-autolinkable-stylish": "^1.4.0",
        "eslint-plugin-regexp": "^2.7.0",
        "fast-xml-parser": "^4.5.1",
        "glob": "^10.4.5",
        "globals": "^15.13.0",
        "hereby": "^1.10.0",
        "jsonc-parser": "^3.3.1",
        "knip": "^5.41.0",
        "minimist": "^1.2.8",
        "mocha": "^10.8.2",
        "mocha-fivemat-progress-reporter": "^0.1.0",
        "monocart-coverage-reports": "^2.11.4",
        "ms": "^2.1.3",
        "playwright": "^1.49.1",
        "source-map-support": "^0.5.21",
        "tslib": "^2.8.1",
        "typescript": "^5.7.2",
        "typescript-eslint": "^8.18.1",
        "which": "^3.0.1"
      },
      "engines": {
        "node": ">=14.17"
      }
    },
    "node_modules/@apollo/client": {
      "resolved": "../../node_modules/.pnpm/@apollo+client@3.13.8_@types+react@19.1.4_graphql-ws@6.0.4_graphql@16.11.0_ws@8.18.1_bu_45c9ed78ca0d3651254b4ecb3c526b32/node_modules/@apollo/client",
      "link": true
    },
    "node_modules/@graphql-codegen/cli": {
      "resolved": "../../node_modules/.pnpm/@graphql-codegen+cli@5.0.7_@parcel+watcher@2.5.0_@types+node@24.0.1_bufferutil@4.0.8_gr_c64571ae6e4434ed8d1475c8cb490e2d/node_modules/@graphql-codegen/cli",
      "link": true
    },
    "node_modules/@graphql-codegen/typescript": {
      "resolved": "../../node_modules/.pnpm/@graphql-codegen+typescript@4.1.6_graphql@16.11.0/node_modules/@graphql-codegen/typescript",
      "link": true
    },
    "node_modules/@graphql-codegen/typescript-operations": {
      "resolved": "../../node_modules/.pnpm/@graphql-codegen+typescript-operations@4.6.1_graphql@16.11.0/node_modules/@graphql-codegen/typescript-operations",
      "link": true
    },
    "node_modules/@graphql-codegen/typescript-react-apollo": {
      "resolved": "../../node_modules/.pnpm/@graphql-codegen+typescript-react-apollo@4.3.3_graphql@16.11.0/node_modules/@graphql-codegen/typescript-react-apollo",
      "link": true
    },
    "node_modules/@types/node": {
      "resolved": "../../node_modules/.pnpm/@types+node@24.0.1/node_modules/@types/node",
      "link": true
    },
    "node_modules/graphql": {
      "resolved": "../../node_modules/.pnpm/graphql@16.11.0/node_modules/graphql",
      "link": true
    },
    "node_modules/typescript": {
      "resolved": "../../node_modules/.pnpm/typescript@5.8.3/node_modules/typescript",
      "link": true
    }
  }
}
