{
  "name": "@anticapture/api-gateway",
  "version": "1.0.0",
  "lockfileVersion": 3,
  "requires": true,
  "packages": {
    "": {
      "name": "@anticapture/api-gateway",
      "version": "1.0.0",
      "license": "ISC",
      "dependencies": {
        "@graphql-mesh/config": "^0.108.4",
        "@graphql-mesh/graphql": "^0.104.3",
        "@graphql-mesh/http": "^0.106.3",
        "@graphql-mesh/openapi": "^0.109.8",
        "@graphql-mesh/runtime": "^0.106.3",
        "@graphql-mesh/types": "^0.104.3",
        "dotenv": "^16.5.0",
        "graphql": "^16.11.0"
      },
      "devDependencies": {
        "@graphql-mesh/cli": "^0.100.4",
        "tsx": "^4.19.4",
        "typescript": "^5.8.3"
      }
    },
    "../../node_modules/.pnpm/@graphql-mesh+cli@0.100.5_bufferutil@4.0.9_graphql@16.11.0_utf-8-validate@5.0.10/node_modules/@graphql-mesh/cli": {
      "version": "0.100.5",
      "dev": true,
      "license": "MIT",
      "dependencies": {
        "@graphql-codegen/core": "^4.0.0",
        "@graphql-codegen/typed-document-node": "^5.0.0",
        "@graphql-codegen/typescript": "^4.0.0",
        "@graphql-codegen/typescript-generic-sdk": "^3.1.0",
        "@graphql-codegen/typescript-operations": "^4.0.0",
        "@graphql-codegen/typescript-resolvers": "^4.0.0",
        "@graphql-mesh/config": "^0.108.5",
        "@graphql-mesh/cross-helpers": "^0.4.10",
        "@graphql-mesh/http": "^0.106.4",
        "@graphql-mesh/include": "^0.3.4",
        "@graphql-mesh/runtime": "^0.106.4",
        "@graphql-mesh/store": "^0.104.4",
        "@graphql-mesh/types": "^0.104.4",
        "@graphql-mesh/utils": "^0.104.4",
        "@graphql-tools/utils": "^10.8.0",
        "@whatwg-node/promise-helpers": "^1.0.0",
        "ajv": "^8.12.0",
        "change-case": "^4.1.2",
        "cosmiconfig": "^9.0.0",
        "dotenv": "^16.0.3",
        "graphql-import-node": "^0.0.5",
        "graphql-tag": "^2.12.6",
        "graphql-ws": "^6.0.0",
        "json-bigint-patch": "^0.0.8",
        "json5": "^2.2.3",
        "mkdirp": "^3.0.0",
        "open": "^7.4.2",
        "pascal-case": "^3.1.2",
        "rimraf": "^6.0.0",
        "tslib": "^2.4.0",
        "typescript": "^5.4.2",
        "ws": "^8.17.1",
        "yargs": "^17.7.1"
      },
      "bin": {
        "gql-mesh": "cjs/bin.js",
        "graphql-mesh": "cjs/bin.js",
        "graphql-mesh-esm": "esm/bin.js",
        "mesh": "cjs/bin.js"
      },
      "engines": {
        "node": ">=16.0.0"
      },
      "peerDependencies": {
        "graphql": "*"
      }
    },
    "../../node_modules/.pnpm/@graphql-mesh+config@0.108.5_graphql@16.11.0/node_modules/@graphql-mesh/config": {
      "version": "0.108.5",
      "license": "MIT",
      "dependencies": {
        "@envelop/core": "^5.1.0",
        "@graphql-mesh/cache-localforage": "^0.105.5",
        "@graphql-mesh/cross-helpers": "^0.4.10",
        "@graphql-mesh/merger-bare": "^0.105.4",
        "@graphql-mesh/merger-stitching": "^0.105.4",
        "@graphql-mesh/runtime": "^0.106.4",
        "@graphql-mesh/store": "^0.104.4",
        "@graphql-mesh/types": "^0.104.4",
        "@graphql-mesh/utils": "^0.104.4",
        "@graphql-tools/code-file-loader": "^8.0.0",
        "@graphql-tools/graphql-file-loader": "^8.0.0",
        "@graphql-tools/load": "^8.0.0",
        "@graphql-tools/utils": "^10.8.0",
        "@graphql-yoga/plugin-persisted-operations": "^3.0.0",
        "@whatwg-node/fetch": "^0.10.6",
        "camel-case": "^4.1.2",
        "graphql-yoga": "^5.13.4",
        "param-case": "^3.0.4",
        "pascal-case": "^3.1.2",
        "tslib": "^2.4.0"
      },
      "engines": {
        "node": ">=16.0.0"
      },
      "peerDependencies": {
        "graphql": "*"
      }
    },
    "../../node_modules/.pnpm/@graphql-mesh+graphql@0.104.4_@types+node@22.15.29_bufferutil@4.0.9_graphql@16.11.0_utf-8-validate@5.0.10/node_modules/@graphql-mesh/graphql": {
      "version": "0.104.4",
      "license": "MIT",
      "dependencies": {
        "@graphql-mesh/cross-helpers": "^0.4.10",
        "@graphql-mesh/store": "^0.104.4",
        "@graphql-mesh/string-interpolation": "^0.5.8",
        "@graphql-mesh/types": "^0.104.4",
        "@graphql-mesh/utils": "^0.104.4",
        "@graphql-tools/delegate": "^10.0.28",
        "@graphql-tools/federation": "^3.0.0",
        "@graphql-tools/merge": "^9.0.12",
        "@graphql-tools/url-loader": "^8.0.9",
        "@graphql-tools/utils": "^10.8.0",
        "lodash.get": "^4.4.2",
        "tslib": "^2.4.0"
      },
      "engines": {
        "node": ">=16.0.0"
      },
      "peerDependencies": {
        "graphql": "*"
      }
    },
    "../../node_modules/.pnpm/@graphql-mesh+http@0.106.4_graphql@16.11.0/node_modules/@graphql-mesh/http": {
      "version": "0.106.4",
      "license": "MIT",
      "dependencies": {
        "@graphql-mesh/cross-helpers": "^0.4.10",
        "@graphql-mesh/runtime": "^0.106.4",
        "@graphql-mesh/types": "^0.104.4",
        "@graphql-mesh/utils": "^0.104.4",
        "@graphql-tools/utils": "^10.8.0",
        "@whatwg-node/server": "^0.10.5",
        "graphql-yoga": "^5.13.4",
        "tslib": "^2.4.0"
      },
      "engines": {
        "node": ">=16.0.0"
      },
      "peerDependencies": {
        "graphql": "*"
      }
    },
    "../../node_modules/.pnpm/@graphql-mesh+openapi@0.109.10_graphql@16.11.0/node_modules/@graphql-mesh/openapi": {
      "version": "0.109.10",
      "license": "MIT",
      "dependencies": {
        "@graphql-mesh/store": "^0.104.4",
        "@graphql-mesh/string-interpolation": "0.5.8",
        "@graphql-mesh/types": "^0.104.4",
        "@graphql-mesh/utils": "^0.104.4",
        "@omnigraph/openapi": "0.109.10",
        "tslib": "^2.4.0"
      },
      "engines": {
        "node": ">=16.0.0"
      },
      "peerDependencies": {
        "graphql": "*"
      }
    },
    "../../node_modules/.pnpm/@graphql-mesh+runtime@0.106.4_graphql@16.11.0/node_modules/@graphql-mesh/runtime": {
      "version": "0.106.4",
      "license": "MIT",
      "dependencies": {
        "@envelop/core": "^5.1.0",
        "@envelop/extended-validation": "^5.0.0",
        "@envelop/graphql-jit": "^9.0.0",
        "@graphql-mesh/cross-helpers": "^0.4.10",
        "@graphql-mesh/string-interpolation": "^0.5.8",
        "@graphql-mesh/types": "^0.104.4",
        "@graphql-mesh/utils": "^0.104.4",
        "@graphql-tools/batch-delegate": "^9.0.9",
        "@graphql-tools/delegate": "^10.0.28",
        "@graphql-tools/executor": "^1.3.2",
        "@graphql-tools/utils": "^10.8.0",
        "@graphql-tools/wrap": "^10.0.28",
        "@whatwg-node/fetch": "^0.10.6",
        "@whatwg-node/promise-helpers": "^1.0.0",
        "graphql-jit": "^0.8.7",
        "tslib": "^2.4.0"
      },
      "engines": {
        "node": ">=16.0.0"
      },
      "peerDependencies": {
        "graphql": "*"
      }
    },
    "../../node_modules/.pnpm/@graphql-mesh+types@0.104.4_graphql@16.11.0/node_modules/@graphql-mesh/types": {
      "version": "0.104.4",
      "license": "MIT",
      "dependencies": {
        "@graphql-mesh/store": "^0.104.4",
        "@graphql-tools/batch-delegate": "^9.0.10",
        "@graphql-tools/delegate": "^10.0.28",
        "@graphql-tools/utils": "^10.8.0",
        "@graphql-typed-document-node/core": "^3.2.0",
        "tslib": "^2.4.0"
      },
      "engines": {
        "node": ">=16.0.0"
      },
      "peerDependencies": {
        "graphql": "*"
      }
    },
    "../../node_modules/.pnpm/dotenv@16.5.0/node_modules/dotenv": {
      "version": "16.5.0",
      "license": "BSD-2-Clause",
      "devDependencies": {
        "@types/node": "^18.11.3",
        "decache": "^4.6.2",
        "sinon": "^14.0.1",
        "standard": "^17.0.0",
        "standard-version": "^9.5.0",
        "tap": "^19.2.0",
        "typescript": "^4.8.4"
      },
      "engines": {
        "node": ">=12"
      },
      "funding": {
        "url": "https://dotenvx.com"
      }
    },
    "../../node_modules/.pnpm/graphql@16.11.0/node_modules/graphql": {
      "version": "16.11.0",
      "license": "MIT",
      "engines": {
        "node": "^12.22.0 || ^14.16.0 || ^16.0.0 || >=17.0.0"
      }
    },
    "../../node_modules/.pnpm/tsx@4.19.4/node_modules/tsx": {
      "version": "4.19.4",
      "dev": true,
      "license": "MIT",
      "dependencies": {
        "esbuild": "~0.25.0",
        "get-tsconfig": "^4.7.5"
      },
      "bin": {
        "tsx": "dist/cli.mjs"
      },
      "engines": {
        "node": ">=18.0.0"
      },
      "optionalDependencies": {
        "fsevents": "~2.3.3"
      }
    },
    "../../node_modules/.pnpm/typescript@5.8.3/node_modules/typescript": {
      "version": "5.8.3",
      "dev": true,
      "license": "Apache-2.0",
      "bin": {
        "tsc": "bin/tsc",
        "tsserver": "bin/tsserver"
      },
      "devDependencies": {
        "@dprint/formatter": "^0.4.1",
        "@dprint/typescript": "0.93.3",
        "@esfx/canceltoken": "^1.0.0",
        "@eslint/js": "^9.17.0",
        "@octokit/rest": "^21.0.2",
        "@types/chai": "^4.3.20",
        "@types/diff": "^5.2.3",
        "@types/minimist": "^1.2.5",
        "@types/mocha": "^10.0.10",
        "@types/ms": "^0.7.34",
        "@types/node": "latest",
        "@types/source-map-support": "^0.5.10",
        "@types/which": "^3.0.4",
        "@typescript-eslint/rule-tester": "^8.18.1",
        "@typescript-eslint/type-utils": "^8.18.1",
        "@typescript-eslint/utils": "^8.18.1",
        "azure-devops-node-api": "^14.1.0",
        "c8": "^10.1.3",
        "chai": "^4.5.0",
        "chalk": "^4.1.2",
        "chokidar": "^3.6.0",
        "diff": "^5.2.0",
        "dprint": "^0.47.6",
        "esbuild": "^0.24.0",
        "eslint": "^9.17.0",
        "eslint-formatter-autolinkable-stylish": "^1.4.0",
        "eslint-plugin-regexp": "^2.7.0",
        "fast-xml-parser": "^4.5.1",
        "glob": "^10.4.5",
        "globals": "^15.13.0",
        "hereby": "^1.10.0",
        "jsonc-parser": "^3.3.1",
        "knip": "^5.41.0",
        "minimist": "^1.2.8",
        "mocha": "^10.8.2",
        "mocha-fivemat-progress-reporter": "^0.1.0",
        "monocart-coverage-reports": "^2.11.4",
        "ms": "^2.1.3",
        "playwright": "^1.49.1",
        "source-map-support": "^0.5.21",
        "tslib": "^2.8.1",
        "typescript": "^5.7.2",
        "typescript-eslint": "^8.18.1",
        "which": "^3.0.1"
      },
      "engines": {
        "node": ">=14.17"
      }
    },
    "node_modules/@graphql-mesh/cli": {
      "resolved": "../../node_modules/.pnpm/@graphql-mesh+cli@0.100.5_bufferutil@4.0.9_graphql@16.11.0_utf-8-validate@5.0.10/node_modules/@graphql-mesh/cli",
      "link": true
    },
    "node_modules/@graphql-mesh/config": {
      "resolved": "../../node_modules/.pnpm/@graphql-mesh+config@0.108.5_graphql@16.11.0/node_modules/@graphql-mesh/config",
      "link": true
    },
    "node_modules/@graphql-mesh/graphql": {
      "resolved": "../../node_modules/.pnpm/@graphql-mesh+graphql@0.104.4_@types+node@22.15.29_bufferutil@4.0.9_graphql@16.11.0_utf-8-validate@5.0.10/node_modules/@graphql-mesh/graphql",
      "link": true
    },
    "node_modules/@graphql-mesh/http": {
      "resolved": "../../node_modules/.pnpm/@graphql-mesh+http@0.106.4_graphql@16.11.0/node_modules/@graphql-mesh/http",
      "link": true
    },
    "node_modules/@graphql-mesh/openapi": {
      "resolved": "../../node_modules/.pnpm/@graphql-mesh+openapi@0.109.10_graphql@16.11.0/node_modules/@graphql-mesh/openapi",
      "link": true
    },
    "node_modules/@graphql-mesh/runtime": {
      "resolved": "../../node_modules/.pnpm/@graphql-mesh+runtime@0.106.4_graphql@16.11.0/node_modules/@graphql-mesh/runtime",
      "link": true
    },
    "node_modules/@graphql-mesh/types": {
      "resolved": "../../node_modules/.pnpm/@graphql-mesh+types@0.104.4_graphql@16.11.0/node_modules/@graphql-mesh/types",
      "link": true
    },
    "node_modules/dotenv": {
      "resolved": "../../node_modules/.pnpm/dotenv@16.5.0/node_modules/dotenv",
      "link": true
    },
    "node_modules/graphql": {
      "resolved": "../../node_modules/.pnpm/graphql@16.11.0/node_modules/graphql",
      "link": true
    },
    "node_modules/tsx": {
      "resolved": "../../node_modules/.pnpm/tsx@4.19.4/node_modules/tsx",
      "link": true
    },
    "node_modules/typescript": {
      "resolved": "../../node_modules/.pnpm/typescript@5.8.3/node_modules/typescript",
      "link": true
    }
  }
}
